
Microsoft Visual Studio Solution File, Format Version 12.00
# Visual Studio Version 17
VisualStudioVersion = 17.11.35219.272
MinimumVisualStudioVersion = 10.0.40219.1
Project("{FAE04EC0-301F-11D3-BF4B-00C04F79EFBC}") = "ScaffoldedHW1DB", "ScaffoldedHW1DB\ScaffoldedHW1DB.csproj", "{10D6BC71-574A-4807-A503-4C9F98C23E91}"
EndProject
Global
	GlobalSection(SolutionConfigurationPlatforms) = preSolution
		Debug|Any CPU = Debug|Any CPU
		Release|Any CPU = Release|Any CPU
	EndGlobalSection
	GlobalSection(ProjectConfigurationPlatforms) = postSolution
		{10D6BC71-574A-4807-A503-4C9F98C23E91}.Debug|Any CPU.ActiveCfg = Debug|Any CPU
		{10D6BC71-574A-4807-A503-4C9F98C23E91}.Debug|Any CPU.Build.0 = Debug|Any CPU
		{10D6BC71-574A-4807-A503-4C9F98C23E91}.Release|Any CPU.ActiveCfg = Release|Any CPU
		{10D6BC71-574A-4807-A503-4C9F98C23E91}.Release|Any CPU.Build.0 = Release|Any CPU
	EndGlobalSection
	GlobalSection(SolutionProperties) = preSolution
		HideSolutionNode = FALSE
	EndGlobalSection
	GlobalSection(ExtensibilityGlobals) = postSolution
		SolutionGuid = {72BD21C1-BDE3-4E60-AAAD-1951EE109021}
	EndGlobalSection
EndGlobal
